
Microsoft Visual Studio Solution File, Format Version 12.00
# Visual Studio Version 17
VisualStudioVersion = 17.4.33403.182
MinimumVisualStudioVersion = 10.0.40219.1
Project("{2150E333-8FDC-42A3-9474-1A3956D46DE8}") = "Class projects", "Class projects", "{FBF6715D-FC48-443C-A94D-763460A6314C}"
EndProject
Project("{9A19103F-16F7-4668-BE54-9A1E7A4F7556}") = "EntityLibrary", "EntityLibrary\EntityLibrary.csproj", "{135C1594-645A-49A7-A4D3-FE6804753EB5}"
EndProject
Project("{9A19103F-16F7-4668-BE54-9A1E7A4F7556}") = "EntityFrameworkCoreSqlServer", "EntityFrameworkCoreSqlServer\EntityFrameworkCoreSqlServer.csproj", "{EBAF0695-8E63-4306-B34A-CA8C5B7EB263}"
EndProject
Project("{9A19103F-16F7-4668-BE54-9A1E7A4F7556}") = "WorkingWithDatesSqlServer", "WorkingWithDatesSqlServer\WorkingWithDatesSqlServer.csproj", "{629CB1BB-87FB-4EE9-9144-311E05193529}"
EndProject
Project("{9A19103F-16F7-4668-BE54-9A1E7A4F7556}") = "DateLibrary", "DateLibrary\DateLibrary.csproj", "{05C0A2BB-4F8D-459F-B50A-4A6BED9F5953}"
EndProject
Project("{2150E333-8FDC-42A3-9474-1A3956D46DE8}") = "Solution Items", "Solution Items", "{8E668AC0-3E52-4FE9-B452-EC9C892994B8}"
	ProjectSection(SolutionItems) = preProject
		.editorconfig = .editorconfig
		createAndPopulateDates.sql = createAndPopulateDates.sql
		createAndPopulateNorthWind.sql = createAndPopulateNorthWind.sql
		North2024.sql = North2024.sql
		readme.md = readme.md
	EndProjectSection
EndProject
Project("{2150E333-8FDC-42A3-9474-1A3956D46DE8}") = "Frontend projects", "Frontend projects", "{3047B01C-561D-4A3F-A8EC-0930332D8A34}"
EndProject
Project("{2150E333-8FDC-42A3-9474-1A3956D46DE8}") = "Main code samples 7 8 9", "Main code samples 7 8 9", "{890D5B16-1421-4721-BCF8-2C1F6E8642DE}"
EndProject
Project("{9A19103F-16F7-4668-BE54-9A1E7A4F7556}") = "GlobalConnection", "GlobalConnection\GlobalConnection.csproj", "{C2F43E2A-2288-43ED-A0FA-FD583789CC51}"
EndProject
Project("{9A19103F-16F7-4668-BE54-9A1E7A4F7556}") = "ProductsCategoriesApp", "ProductsCategoriesApp\ProductsCategoriesApp.csproj", "{434D1E45-B487-4993-9B96-BDB1DB6EE904}"
EndProject
Project("{9A19103F-16F7-4668-BE54-9A1E7A4F7556}") = "GetValuesApp", "GetValuesApp\GetValuesApp.csproj", "{87DF424C-A48F-44B0-BAD8-812D569EA8EA}"
EndProject
Project("{9A19103F-16F7-4668-BE54-9A1E7A4F7556}") = "InsertNewRecordApp", "InsertNewRecordApp\InsertNewRecordApp.csproj", "{F88D298D-0AB7-43D3-A9C5-8BBDD754CE74}"
EndProject
Project("{9A19103F-16F7-4668-BE54-9A1E7A4F7556}") = "GitHubSamples", "NextResultsApp\GitHubSamples.csproj", "{7184F016-B141-4450-9170-51539DC96D4F}"
EndProject
Project("{9A19103F-16F7-4668-BE54-9A1E7A4F7556}") = "RowFilterApp", "RowFilterApp\RowFilterApp.csproj", "{FC9C7685-FEFD-45EA-A91D-7FACFF6D3B15}"
EndProject
Project("{2150E333-8FDC-42A3-9474-1A3956D46DE8}") = "Dapper articles", "Dapper articles", "{65FDB35C-3D56-48A9-93FB-2D32028F167B}"
	ProjectSection(SolutionItems) = preProject
		DapperStuff.md = DapperStuff.md
	EndProjectSection
EndProject
Project("{9A19103F-16F7-4668-BE54-9A1E7A4F7556}") = "DapperPersonRepository", "DapperPersonRepository\DapperPersonRepository.csproj", "{7FEE8E16-36CC-4318-ACEC-40CAA4FB476F}"
EndProject
Project("{9A19103F-16F7-4668-BE54-9A1E7A4F7556}") = "DapperLibrary1", "DapperLibrary1\DapperLibrary1.csproj", "{82822885-1401-4B2F-AD87-C092E1E9C2FC}"
EndProject
Project("{9A19103F-16F7-4668-BE54-9A1E7A4F7556}") = "DapperWithExcel", "DapperWithExcel\DapperWithExcel.csproj", "{262A783C-7386-4C41-9C7E-9AAECAEC771D}"
EndProject
Project("{2150E333-8FDC-42A3-9474-1A3956D46DE8}") = "Other", "Other", "{25F770B3-F218-4C45-A15B-3508245CB326}"
EndProject
Project("{9A19103F-16F7-4668-BE54-9A1E7A4F7556}") = "DataGridViewSample", "DataGridViewSample\DataGridViewSample.csproj", "{7C5035FD-DEB7-4E0E-A32F-23BC2D1FD36F}"
EndProject
Project("{9A19103F-16F7-4668-BE54-9A1E7A4F7556}") = "DapperSamples", "DapperSamples\DapperSamples.csproj", "{96C92B9E-789C-408A-849B-71CFC951B847}"
EndProject
Project("{9A19103F-16F7-4668-BE54-9A1E7A4F7556}") = "ConsoleApp1", "ConsoleApp1\ConsoleApp1.csproj", "{7D81D3FB-5707-4AFE-BA0E-336DC007D539}"
EndProject
Project("{2150E333-8FDC-42A3-9474-1A3956D46DE8}") = "Json Dapper EF Core", "Json Dapper EF Core", "{9A8E3213-997D-43FE-AAAE-6746EDD25FCA}"
EndProject
Project("{9A19103F-16F7-4668-BE54-9A1E7A4F7556}") = "StudentHelpApp", "StudentHelpApp\StudentHelpApp.csproj", "{96861043-AC00-4069-B6F8-80B96615CC4B}"
EndProject
Project("{9A19103F-16F7-4668-BE54-9A1E7A4F7556}") = "ProductCatalogApp", "ProductCatalogApp\ProductCatalogApp.csproj", "{72F6515D-4D70-48C8-A26B-855C6E0B236F}"
EndProject
Project("{9A19103F-16F7-4668-BE54-9A1E7A4F7556}") = "DapperSqlServerLastValueApp", "DapperSqlServerLastValueApp\DapperSqlServerLastValueApp.csproj", "{FAB8E4E8-F428-4206-A53F-ADBEACC355AB}"
EndProject
Project("{2150E333-8FDC-42A3-9474-1A3956D46DE8}") = "Dapper Excel fake", "Dapper Excel fake", "{BA8ABD4C-2BE1-4B5F-BD38-83FA66D972EE}"
EndProject
Project("{9A19103F-16F7-4668-BE54-9A1E7A4F7556}") = "TransferFromJsonToDatabaseToExcel", "TransferFromJsonToDatabaseToExcel\TransferFromJsonToDatabaseToExcel.csproj", "{1C61ADA2-D478-4670-AD3A-A4CF39E8314D}"
EndProject
Project("{9A19103F-16F7-4668-BE54-9A1E7A4F7556}") = "ExplicitOperatorSample", "ExplicitOperatorSample\ExplicitOperatorSample.csproj", "{5DF4952F-22C8-4364-A7DE-5039502A99DB}"
EndProject
Project("{2150E333-8FDC-42A3-9474-1A3956D46DE8}") = "Forum questions", "Forum questions", "{F598BDCC-EF45-42AA-859D-E2CE1462731C}"
EndProject
Project("{9A19103F-16F7-4668-BE54-9A1E7A4F7556}") = "DapperSimpleInsertApp", "DapperSimpleInsertApp\DapperSimpleInsertApp.csproj", "{68DF18F0-53C5-4B6C-AA99-B1E54FFE0A29}"
EndProject
Project("{9A19103F-16F7-4668-BE54-9A1E7A4F7556}") = "MaskingSocialApp", "MaskingSocialApp\MaskingSocialApp.csproj", "{F3C3C783-A601-47DA-B334-DD1544EB6D00}"
EndProject
Project("{9A19103F-16F7-4668-BE54-9A1E7A4F7556}") = "Dapper1App", "Dapper1App\Dapper1App.csproj", "{D0DF38CD-05D4-49AD-84AA-9D22A101D0CE}"
EndProject
Project("{2150E333-8FDC-42A3-9474-1A3956D46DE8}") = "Dapper using Access", "Dapper using Access", "{2BA082AA-41F5-40BC-B31F-BAD9180A8202}"
EndProject
Project("{9A19103F-16F7-4668-BE54-9A1E7A4F7556}") = "DapperForAccessDatabase", "DapperForAccessDatabase\DapperForAccessDatabase.csproj", "{D4B74AC6-854C-4B8C-BD03-DDA4E1B04128}"
EndProject
Project("{2150E333-8FDC-42A3-9474-1A3956D46DE8}") = "Framework 4.8", "Framework 4.8", "{AC29C8E3-A20A-4482-8BD5-C7AE267CE585}"
EndProject
Project("{FAE04EC0-301F-11D3-BF4B-00C04F79EFBC}") = "DapperSimpleApp", "DapperSimpleApp\DapperSimpleApp.csproj", "{45C54B67-6789-4A1B-ADAD-BE06E0E0A65C}"
EndProject
Project("{2150E333-8FDC-42A3-9474-1A3956D46DE8}") = "NET EF Core version", "NET EF Core version", "{2779C090-8BD0-40E4-8619-4EDB14E7F79F}"
EndProject
Project("{9A19103F-16F7-4668-BE54-9A1E7A4F7556}") = "SimpleEfCoreApp", "SimpleEfCoreApp\SimpleEfCoreApp.csproj", "{A9387946-E6E3-4D15-B3E5-725F206424FB}"
EndProject
Project("{9A19103F-16F7-4668-BE54-9A1E7A4F7556}") = "DapperNorthWind2024", "DapperNorthWind2024\DapperNorthWind2024.csproj", "{5E2ABCF9-85E7-4C46-BB98-ADB11F05C3E5}"
EndProject
Project("{2150E333-8FDC-42A3-9474-1A3956D46DE8}") = "Dapper Twitter", "Dapper Twitter", "{08AEA021-B429-484E-82FD-CEF1EBDD9D90}"
EndProject
Project("{9A19103F-16F7-4668-BE54-9A1E7A4F7556}") = "SqlAddColumnWithValuesApp", "SqlAddColumnWithValuesApp\SqlAddColumnWithValuesApp.csproj", "{40E8BC58-ACA5-4B9F-A18A-BDD45CA1357C}"
EndProject
Project("{9A19103F-16F7-4668-BE54-9A1E7A4F7556}") = "ContinentsDapperApp", "ContinentsDapperApp\ContinentsDapperApp.csproj", "{E6F4C7FD-8A54-4CEC-9030-AE212E2064D2}"
EndProject
Project("{9A19103F-16F7-4668-BE54-9A1E7A4F7556}") = "SqlServerLibrary", "SqlServerLibrary\SqlServerLibrary.csproj", "{FA1472F1-5A4D-4BC1-96C1-0D74C2917D16}"
EndProject
Project("{9A19103F-16F7-4668-BE54-9A1E7A4F7556}") = "TableRowCountApp", "TableRowCountApp\TableRowCountApp.csproj", "{23B26428-02C9-43B2-80AA-F31D36DA10F3}"
EndProject
Project("{2150E333-8FDC-42A3-9474-1A3956D46DE8}") = "SqlLite", "SqlLite", "{022A5373-9966-4DED-A084-566122878608}"
EndProject
Project("{9A19103F-16F7-4668-BE54-9A1E7A4F7556}") = "SqlLiteSample1", "SqlLiteSample1\SqlLiteSample1.csproj", "{7507E8D0-AB27-4140-BA4C-4810180ED564}"
EndProject
Project("{9A19103F-16F7-4668-BE54-9A1E7A4F7556}") = "EnumHasConversion", "enum-has-conversion\EnumHasConversion.csproj", "{9D60D596-6508-4806-B9A6-5DCD7CD70F34}"
EndProject
Project("{9A19103F-16F7-4668-BE54-9A1E7A4F7556}") = "DapperGetDatabaseAndTableNamesApp", "DapperGetDatabaseAndTableNamesApp\DapperGetDatabaseAndTableNamesApp.csproj", "{9B01178E-0E4D-43A1-AE46-BD02AF9D5F63}"
EndProject
Project("{9A19103F-16F7-4668-BE54-9A1E7A4F7556}") = "SqlServer.Library", "SqlServer.Library\SqlServer.Library.csproj", "{51236AB1-D03C-441A-969C-8951DA526606}"
EndProject
Project("{2150E333-8FDC-42A3-9474-1A3956D46DE8}") = "SqlServerDapperDatabaseUtilities", "SqlServerDapperDatabaseUtilities", "{0D457154-6C4B-4009-8AA7-A30AFB4BE4D2}"
EndProject
Project("{9A19103F-16F7-4668-BE54-9A1E7A4F7556}") = "SqlLiteSampleTime", "SqlLiteSampleTime\SqlLiteSampleTime.csproj", "{2D58AFB7-CDBC-4C01-8DAD-8D9D430A58FF}"
EndProject
Project("{9A19103F-16F7-4668-BE54-9A1E7A4F7556}") = "DapperGetDatabaseAndTableNamesApp1", "DapperGetDatabaseAndTableNamesApp1\DapperGetDatabaseAndTableNamesApp1.csproj", "{0685AD13-8CE4-4F5F-853A-08A4CB8E4F15}"
EndProject
Project("{9A19103F-16F7-4668-BE54-9A1E7A4F7556}") = "DapperGetDatabaseAndTableNamesApp2", "DapperGetDatabaseAndTableNamesApp2\DapperGetDatabaseAndTableNamesApp2.csproj", "{36939C4C-DA14-4492-9B07-BF6A70317C80}"
EndProject
Project("{9A19103F-16F7-4668-BE54-9A1E7A4F7556}") = "SqlLiteSample2", "SqlLiteSample2\SqlLiteSample2.csproj", "{43D74204-62C9-4A3E-A174-173A375E5261}"
EndProject
Project("{9A19103F-16F7-4668-BE54-9A1E7A4F7556}") = "DapperForAccessDatabaseMdb", "DapperForAccessDatabaseMdb\DapperForAccessDatabaseMdb.csproj", "{A475F0A7-C7A0-428A-A33B-B83DFFC8C9BE}"
EndProject
Project("{9A19103F-16F7-4668-BE54-9A1E7A4F7556}") = "EnumHasConversionDapper", "EnumHasConversionDapper\EnumHasConversionDapper.csproj", "{6FC8842D-C55E-4158-A07C-D6A6F534EF5D}"
EndProject
Project("{9A19103F-16F7-4668-BE54-9A1E7A4F7556}") = "EnumHasConversionDapper1", "EnumHasConversionDapper1\EnumHasConversionDapper1.csproj", "{512B6F56-1372-47B6-855A-2EF3F99C5664}"
EndProject
Project("{2150E333-8FDC-42A3-9474-1A3956D46DE8}") = "Conversions", "Conversions", "{BCA6D25E-F641-4217-A509-D134814082DB}"
EndProject
Project("{9A19103F-16F7-4668-BE54-9A1E7A4F7556}") = "EnumWithSqlClient", "EnumWithSqlClient\EnumWithSqlClient.csproj", "{7B0C0C12-A801-4A7D-948C-E48B2A9061D2}"
EndProject
Project("{9A19103F-16F7-4668-BE54-9A1E7A4F7556}") = "SqlLiteSampleComputedColumns", "SqlLiteSampleComputedColumns\SqlLiteSampleComputedColumns.csproj", "{810CF7EE-AD0E-4BEA-B415-E01BB2F321AC}"
EndProject
Project("{9A19103F-16F7-4668-BE54-9A1E7A4F7556}") = "SqlServerTableRulesApp", "SqlServerTableRulesApp\SqlServerTableRulesApp.csproj", "{F6EC6B42-8A54-4942-9E06-019101102CA6}"
EndProject
Project("{9A19103F-16F7-4668-BE54-9A1E7A4F7556}") = "SqlLiteSampleInMemoryDb", "SqlLiteSampleInMemoryDb\SqlLiteSampleInMemoryDb.csproj", "{08B74DB2-70A3-4DE4-9CB2-2BB320A03276}"
EndProject
Project("{9A19103F-16F7-4668-BE54-9A1E7A4F7556}") = "DapperAccessWinForms", "DapperAccessWinForms\DapperAccessWinForms.csproj", "{62FF6902-1F90-4AC1-B78D-FBC18B3676C6}"
EndProject
Project("{9A19103F-16F7-4668-BE54-9A1E7A4F7556}") = "SqlLiteInsertNulls", "SqlLiteInsertNulls\SqlLiteInsertNulls.csproj", "{026D7BC9-1EE8-4FF3-88E0-7929C4FE64BF}"
EndProject
Project("{FAE04EC0-301F-11D3-BF4B-00C04F79EFBC}") = "TableAdapterSimple", "TableAdapterSimple\TableAdapterSimple.csproj", "{D98E4B4A-DC1C-4BEC-A4B6-A962FC413619}"
EndProject
Project("{9A19103F-16F7-4668-BE54-9A1E7A4F7556}") = "DapperBirthdaysComputedColumns", "DapperBirthdaysComputedColumns\DapperBirthdaysComputedColumns.csproj", "{DA4F183D-75DD-4D20-B345-13AF44C7449E}"
EndProject
Project("{9A19103F-16F7-4668-BE54-9A1E7A4F7556}") = "EF_CoreBirthdaysComputedColumns", "EF_CoreBirthdaysComputedColumns\EF_CoreBirthdaysComputedColumns.csproj", "{956B3E7A-3D7C-45CC-9F30-C19D4D76D364}"
EndProject
Project("{9A19103F-16F7-4668-BE54-9A1E7A4F7556}") = "SqlServerOutputToOtherTableExample", "SqlServerOutputToOtherTableExample\SqlServerOutputToOtherTableExample.csproj", "{43A4962D-CD3E-47A0-9B87-9F0EFE5A1CF6}"
EndProject
Project("{9A19103F-16F7-4668-BE54-9A1E7A4F7556}") = "DapperStoredProcedures1", "DapperStoredProcedures1\DapperStoredProcedures1.csproj", "{512EA324-F0B4-4B15-A15A-654DC32C1F87}"
EndProject
Project("{2150E333-8FDC-42A3-9474-1A3956D46DE8}") = "DataGridView", "DataGridView", "{2A80EBD9-AC69-483A-993F-43FC6DBE8F1B}"
EndProject
Project("{9A19103F-16F7-4668-BE54-9A1E7A4F7556}") = "DataGridViewButtonApp", "DataGridViewButtonApp\DataGridViewButtonApp.csproj", "{33949222-36A0-4DE4-9E30-F11FA8968E07}"
EndProject
Project("{FAE04EC0-301F-11D3-BF4B-00C04F79EFBC}") = "BirthdaysFromDatabase", "BirthdaysFromDatabase\BirthdaysFromDatabase.csproj", "{12259F63-B584-4A9F-A758-20C7A1BC1C5C}"
EndProject
Project("{FAE04EC0-301F-11D3-BF4B-00C04F79EFBC}") = "SqlClientHelperApp", "SqlClientHelperApp\SqlClientHelperApp.csproj", "{8FABDD07-AEE4-4FA3-902E-EE2054C10A16}"
EndProject
Project("{2150E333-8FDC-42A3-9474-1A3956D46DE8}") = "EF Core 9", "EF Core 9", "{657E776F-9022-4416-8A69-149A718688E3}"
EndProject
Project("{FAE04EC0-301F-11D3-BF4B-00C04F79EFBC}") = "SqlServerDateOnlyTimeOnlySampleApp", "SqlServerDateOnlyTimeOnlySampleApp\SqlServerDateOnlyTimeOnlySampleApp.csproj", "{C9B1FF28-9E68-4D56-918E-B86D69743901}"
EndProject
Project("{FAE04EC0-301F-11D3-BF4B-00C04F79EFBC}") = "SqlServerGetJsonRaw", "SqlServerGetJsonRaw\SqlServerGetJsonRaw.csproj", "{BB982C92-2B08-4F38-9F1C-26ADA0492911}"
EndProject
Project("{FAE04EC0-301F-11D3-BF4B-00C04F79EFBC}") = "InterfaceExtensionApp", "InterfaceExtensionApp\InterfaceExtensionApp.csproj", "{01CE2009-CCAA-43D7-8652-F724B542CF04}"
EndProject
Project("{2150E333-8FDC-42A3-9474-1A3956D46DE8}") = "AI Generated", "AI Generated", "{6ABBFFBA-9737-43A3-8059-F831ED7DEC1B}"
EndProject
Project("{FAE04EC0-301F-11D3-BF4B-00C04F79EFBC}") = "NorthCustomersToolGenerated", "NorthCustomersToolGenerated\NorthCustomersToolGenerated.csproj", "{2876DBB5-6921-4B2D-89BE-906404E6FE76}"
EndProject
Project("{FAE04EC0-301F-11D3-BF4B-00C04F79EFBC}") = "PayneServiceLibrary", "PayneServiceLibrary\PayneServiceLibrary.csproj", "{293C3D8B-C190-F0B3-9A20-6D91835D87FB}"
EndProject
Project("{FAE04EC0-301F-11D3-BF4B-00C04F79EFBC}") = "DapperSqlServerRowCountSample", "DapperSqlServerRowCountSample\DapperSqlServerRowCountSample.csproj", "{B7840BF4-625D-45B6-AC71-652336F5C600}"
EndProject
Project("{FAE04EC0-301F-11D3-BF4B-00C04F79EFBC}") = "FactoryConnectionSample", "FactoryConnectionSample\FactoryConnectionSample.csproj", "{90AC864F-D81C-4B28-9B9B-A68FCC14DB10}"
EndProject
Project("{FAE04EC0-301F-11D3-BF4B-00C04F79EFBC}") = "ConnectionsLibrary", "ConnectionsLibrary\ConnectionsLibrary.csproj", "{DB73A437-354D-4429-9F8B-3D3B7A709B0A}"
EndProject
Project("{FAE04EC0-301F-11D3-BF4B-00C04F79EFBC}") = "AlternateImageApp", "AlternateImageApp\AlternateImageApp.csproj", "{9E399289-D015-484C-A41C-15790960F975}"
EndProject
Project("{FAE04EC0-301F-11D3-BF4B-00C04F79EFBC}") = "CategoriesApplication1", "CategoriesApplication1\CategoriesApplication1.csproj", "{1D070B18-A0D6-42AE-A5D9-8DA1E5400B42}"
EndProject
Project("{FAE04EC0-301F-11D3-BF4B-00C04F79EFBC}") = "DatabaseInspectorApp", "DatabaseInspectorApp\DatabaseInspectorApp.csproj", "{99831F35-D977-44DE-93F2-1BE9EE468F05}"
EndProject
Project("{FAE04EC0-301F-11D3-BF4B-00C04F79EFBC}") = "DapperMultipleInsertsApp", "DapperMultipleInsertsApp\DapperMultipleInsertsApp.csproj", "{23823AA6-ECE4-4989-8A02-4EB881766CBC}"
EndProject
Project("{FAE04EC0-301F-11D3-BF4B-00C04F79EFBC}") = "DateTimeNullDapperApp", "DateTimeNullDapperApp\DateTimeNullDapperApp.csproj", "{4178573D-6E95-41C1-90B9-9AC2B2A246DA}"
EndProject
Project("{2150E333-8FDC-42A3-9474-1A3956D46DE8}") = "Dapper Get duplicates", "Dapper Get duplicates", "{642649BD-B90A-3738-91B8-47EF43830D1C}"
EndProject
Project("{FAE04EC0-301F-11D3-BF4B-00C04F79EFBC}") = "DeleteDuplicateRowsSqlServerTable", "DeleteDuplicateRowsSqlServerTable\DeleteDuplicateRowsSqlServerTable.csproj", "{E2F02842-7288-CCD8-8E43-8B16C3788EFE}"
EndProject
Project("{2150E333-8FDC-42A3-9474-1A3956D46DE8}") = "SqlLite", "SqlLite", "{E6B17769-ABC0-0A56-D1A8-1E62C75C57AD}"
EndProject
Project("{FAE04EC0-301F-11D3-BF4B-00C04F79EFBC}") = "NorthWindSqlLiteApp1", "NorthWindSqlLiteApp1\NorthWindSqlLiteApp1.csproj", "{23810FE8-0707-4ECF-9850-4F88157703CA}"
EndProject
Project("{2150E333-8FDC-42A3-9474-1A3956D46DE8}") = "ReverseEngineer", "ReverseEngineer", "{156DD675-4594-E866-4425-F3A202267F21}"
EndProject
Project("{FAE04EC0-301F-11D3-BF4B-00C04F79EFBC}") = "ReverseEngineerNorthWind2024", "ReverseEngineerNorthWind2024\ReverseEngineerNorthWind2024.csproj", "{31D1E408-2796-4AFE-A327-DBFDC47C7107}"
EndProject
Project("{FAE04EC0-301F-11D3-BF4B-00C04F79EFBC}") = "ReverseEngineerNorthWindLibrary", "ReverseEngineerNorthWindLibrary\ReverseEngineerNorthWindLibrary.csproj", "{85FA7594-95B9-44EC-8224-F1D8809F7801}"
EndProject
Project("{E24C65DC-7377-472B-9ABA-BC803B73C61A}") = "KeyboardShortcuts", "KeyboardShortcuts\", "{B43C3C29-8FA3-6E05-8CDE-C6D0961692A0}"
	ProjectSection(WebsiteProperties) = preProject
		TargetFrameworkMoniker = ".NETFramework,Version%3Dv4.7.2"
		Debug.AspNetCompiler.VirtualPath = "/localhost_62867"
		Debug.AspNetCompiler.PhysicalPath = "KeyboardShortcuts\"
		Debug.AspNetCompiler.TargetPath = "PrecompiledWeb\localhost_62867\"
		Debug.AspNetCompiler.Updateable = "true"
		Debug.AspNetCompiler.ForceOverwrite = "true"
		Debug.AspNetCompiler.FixedNames = "false"
		Debug.AspNetCompiler.Debug = "True"
		Release.AspNetCompiler.VirtualPath = "/localhost_62867"
		Release.AspNetCompiler.PhysicalPath = "KeyboardShortcuts\"
		Release.AspNetCompiler.TargetPath = "PrecompiledWeb\localhost_62867\"
		Release.AspNetCompiler.Updateable = "true"
		Release.AspNetCompiler.ForceOverwrite = "true"
		Release.AspNetCompiler.FixedNames = "false"
		Release.AspNetCompiler.Debug = "False"
		VWDPort = "62867"
		SlnRelativePath = "KeyboardShortcuts\"
		DefaultWebSiteLanguage = "Visual Basic"
	EndProjectSection
EndProject
Project("{2150E333-8FDC-42A3-9474-1A3956D46DE8}") = "SQL Server Contacts", "SQL Server Contacts", "{1563981D-CF59-A57C-9880-41406C02981A}"
EndProject
Project("{FAE04EC0-301F-11D3-BF4B-00C04F79EFBC}") = "ContactsApplication1", "ContactsApplication1\ContactsApplication1.csproj", "{01FCB8A6-E27A-44C0-ACC7-DC0B8ADE0541}"
EndProject
Project("{FAE04EC0-301F-11D3-BF4B-00C04F79EFBC}") = "ContactsDataLibrary", "ContactsDataLibrary\ContactsDataLibrary.csproj", "{989053E3-6DEB-40B9-A49C-890BC9A2148E}"
EndProject
Project("{FAE04EC0-301F-11D3-BF4B-00C04F79EFBC}") = "ValueConversionsEncryptProperty", "ValueConversionsEncryptProperty\ValueConversionsEncryptProperty.csproj", "{D68FC3AF-71D3-A676-C580-3F973C48436A}"
EndProject
Global
	GlobalSection(SolutionConfigurationPlatforms) = preSolution
		Debug|Any CPU = Debug|Any CPU
		Release|Any CPU = Release|Any CPU
	EndGlobalSection
	GlobalSection(ProjectConfigurationPlatforms) = postSolution
		{135C1594-645A-49A7-A4D3-FE6804753EB5}.Debug|Any CPU.ActiveCfg = Debug|Any CPU
		{135C1594-645A-49A7-A4D3-FE6804753EB5}.Debug|Any CPU.Build.0 = Debug|Any CPU
		{135C1594-645A-49A7-A4D3-FE6804753EB5}.Release|Any CPU.ActiveCfg = Release|Any CPU
		{135C1594-645A-49A7-A4D3-FE6804753EB5}.Release|Any CPU.Build.0 = Release|Any CPU
		{EBAF0695-8E63-4306-B34A-CA8C5B7EB263}.Debug|Any CPU.ActiveCfg = Debug|Any CPU
		{EBAF0695-8E63-4306-B34A-CA8C5B7EB263}.Debug|Any CPU.Build.0 = Debug|Any CPU
		{EBAF0695-8E63-4306-B34A-CA8C5B7EB263}.Release|Any CPU.ActiveCfg = Release|Any CPU
		{EBAF0695-8E63-4306-B34A-CA8C5B7EB263}.Release|Any CPU.Build.0 = Release|Any CPU
		{629CB1BB-87FB-4EE9-9144-311E05193529}.Debug|Any CPU.ActiveCfg = Debug|Any CPU
		{629CB1BB-87FB-4EE9-9144-311E05193529}.Debug|Any CPU.Build.0 = Debug|Any CPU
		{629CB1BB-87FB-4EE9-9144-311E05193529}.Release|Any CPU.ActiveCfg = Release|Any CPU
		{629CB1BB-87FB-4EE9-9144-311E05193529}.Release|Any CPU.Build.0 = Release|Any CPU
		{05C0A2BB-4F8D-459F-B50A-4A6BED9F5953}.Debug|Any CPU.ActiveCfg = Debug|Any CPU
		{05C0A2BB-4F8D-459F-B50A-4A6BED9F5953}.Debug|Any CPU.Build.0 = Debug|Any CPU
		{05C0A2BB-4F8D-459F-B50A-4A6BED9F5953}.Release|Any CPU.ActiveCfg = Release|Any CPU
		{05C0A2BB-4F8D-459F-B50A-4A6BED9F5953}.Release|Any CPU.Build.0 = Release|Any CPU
		{C2F43E2A-2288-43ED-A0FA-FD583789CC51}.Debug|Any CPU.ActiveCfg = Debug|Any CPU
		{C2F43E2A-2288-43ED-A0FA-FD583789CC51}.Debug|Any CPU.Build.0 = Debug|Any CPU
		{C2F43E2A-2288-43ED-A0FA-FD583789CC51}.Release|Any CPU.ActiveCfg = Release|Any CPU
		{C2F43E2A-2288-43ED-A0FA-FD583789CC51}.Release|Any CPU.Build.0 = Release|Any CPU
		{434D1E45-B487-4993-9B96-BDB1DB6EE904}.Debug|Any CPU.ActiveCfg = Debug|Any CPU
		{434D1E45-B487-4993-9B96-BDB1DB6EE904}.Debug|Any CPU.Build.0 = Debug|Any CPU
		{434D1E45-B487-4993-9B96-BDB1DB6EE904}.Release|Any CPU.ActiveCfg = Release|Any CPU
		{434D1E45-B487-4993-9B96-BDB1DB6EE904}.Release|Any CPU.Build.0 = Release|Any CPU
		{87DF424C-A48F-44B0-BAD8-812D569EA8EA}.Debug|Any CPU.ActiveCfg = Debug|Any CPU
		{87DF424C-A48F-44B0-BAD8-812D569EA8EA}.Debug|Any CPU.Build.0 = Debug|Any CPU
		{87DF424C-A48F-44B0-BAD8-812D569EA8EA}.Release|Any CPU.ActiveCfg = Release|Any CPU
		{87DF424C-A48F-44B0-BAD8-812D569EA8EA}.Release|Any CPU.Build.0 = Release|Any CPU
		{F88D298D-0AB7-43D3-A9C5-8BBDD754CE74}.Debug|Any CPU.ActiveCfg = Debug|Any CPU
		{F88D298D-0AB7-43D3-A9C5-8BBDD754CE74}.Debug|Any CPU.Build.0 = Debug|Any CPU
		{F88D298D-0AB7-43D3-A9C5-8BBDD754CE74}.Release|Any CPU.ActiveCfg = Release|Any CPU
		{F88D298D-0AB7-43D3-A9C5-8BBDD754CE74}.Release|Any CPU.Build.0 = Release|Any CPU
		{7184F016-B141-4450-9170-51539DC96D4F}.Debug|Any CPU.ActiveCfg = Debug|Any CPU
		{7184F016-B141-4450-9170-51539DC96D4F}.Debug|Any CPU.Build.0 = Debug|Any CPU
		{7184F016-B141-4450-9170-51539DC96D4F}.Release|Any CPU.ActiveCfg = Release|Any CPU
		{7184F016-B141-4450-9170-51539DC96D4F}.Release|Any CPU.Build.0 = Release|Any CPU
		{FC9C7685-FEFD-45EA-A91D-7FACFF6D3B15}.Debug|Any CPU.ActiveCfg = Debug|Any CPU
		{FC9C7685-FEFD-45EA-A91D-7FACFF6D3B15}.Debug|Any CPU.Build.0 = Debug|Any CPU
		{FC9C7685-FEFD-45EA-A91D-7FACFF6D3B15}.Release|Any CPU.ActiveCfg = Release|Any CPU
		{FC9C7685-FEFD-45EA-A91D-7FACFF6D3B15}.Release|Any CPU.Build.0 = Release|Any CPU
		{7FEE8E16-36CC-4318-ACEC-40CAA4FB476F}.Debug|Any CPU.ActiveCfg = Debug|Any CPU
		{7FEE8E16-36CC-4318-ACEC-40CAA4FB476F}.Debug|Any CPU.Build.0 = Debug|Any CPU
		{7FEE8E16-36CC-4318-ACEC-40CAA4FB476F}.Release|Any CPU.ActiveCfg = Release|Any CPU
		{7FEE8E16-36CC-4318-ACEC-40CAA4FB476F}.Release|Any CPU.Build.0 = Release|Any CPU
		{82822885-1401-4B2F-AD87-C092E1E9C2FC}.Debug|Any CPU.ActiveCfg = Debug|Any CPU
		{82822885-1401-4B2F-AD87-C092E1E9C2FC}.Debug|Any CPU.Build.0 = Debug|Any CPU
		{82822885-1401-4B2F-AD87-C092E1E9C2FC}.Release|Any CPU.ActiveCfg = Release|Any CPU
		{82822885-1401-4B2F-AD87-C092E1E9C2FC}.Release|Any CPU.Build.0 = Release|Any CPU
		{262A783C-7386-4C41-9C7E-9AAECAEC771D}.Debug|Any CPU.ActiveCfg = Debug|Any CPU
		{262A783C-7386-4C41-9C7E-9AAECAEC771D}.Debug|Any CPU.Build.0 = Debug|Any CPU
		{262A783C-7386-4C41-9C7E-9AAECAEC771D}.Release|Any CPU.ActiveCfg = Release|Any CPU
		{262A783C-7386-4C41-9C7E-9AAECAEC771D}.Release|Any CPU.Build.0 = Release|Any CPU
		{7C5035FD-DEB7-4E0E-A32F-23BC2D1FD36F}.Debug|Any CPU.ActiveCfg = Debug|Any CPU
		{7C5035FD-DEB7-4E0E-A32F-23BC2D1FD36F}.Debug|Any CPU.Build.0 = Debug|Any CPU
		{7C5035FD-DEB7-4E0E-A32F-23BC2D1FD36F}.Release|Any CPU.ActiveCfg = Release|Any CPU
		{7C5035FD-DEB7-4E0E-A32F-23BC2D1FD36F}.Release|Any CPU.Build.0 = Release|Any CPU
		{96C92B9E-789C-408A-849B-71CFC951B847}.Debug|Any CPU.ActiveCfg = Debug|Any CPU
		{96C92B9E-789C-408A-849B-71CFC951B847}.Debug|Any CPU.Build.0 = Debug|Any CPU
		{96C92B9E-789C-408A-849B-71CFC951B847}.Release|Any CPU.ActiveCfg = Release|Any CPU
		{96C92B9E-789C-408A-849B-71CFC951B847}.Release|Any CPU.Build.0 = Release|Any CPU
		{7D81D3FB-5707-4AFE-BA0E-336DC007D539}.Debug|Any CPU.ActiveCfg = Debug|Any CPU
		{7D81D3FB-5707-4AFE-BA0E-336DC007D539}.Debug|Any CPU.Build.0 = Debug|Any CPU
		{7D81D3FB-5707-4AFE-BA0E-336DC007D539}.Release|Any CPU.ActiveCfg = Release|Any CPU
		{7D81D3FB-5707-4AFE-BA0E-336DC007D539}.Release|Any CPU.Build.0 = Release|Any CPU
		{96861043-AC00-4069-B6F8-80B96615CC4B}.Debug|Any CPU.ActiveCfg = Debug|Any CPU
		{96861043-AC00-4069-B6F8-80B96615CC4B}.Debug|Any CPU.Build.0 = Debug|Any CPU
		{96861043-AC00-4069-B6F8-80B96615CC4B}.Release|Any CPU.ActiveCfg = Release|Any CPU
		{96861043-AC00-4069-B6F8-80B96615CC4B}.Release|Any CPU.Build.0 = Release|Any CPU
		{72F6515D-4D70-48C8-A26B-855C6E0B236F}.Debug|Any CPU.ActiveCfg = Debug|Any CPU
		{72F6515D-4D70-48C8-A26B-855C6E0B236F}.Debug|Any CPU.Build.0 = Debug|Any CPU
		{72F6515D-4D70-48C8-A26B-855C6E0B236F}.Release|Any CPU.ActiveCfg = Release|Any CPU
		{72F6515D-4D70-48C8-A26B-855C6E0B236F}.Release|Any CPU.Build.0 = Release|Any CPU
		{FAB8E4E8-F428-4206-A53F-ADBEACC355AB}.Debug|Any CPU.ActiveCfg = Debug|Any CPU
		{FAB8E4E8-F428-4206-A53F-ADBEACC355AB}.Debug|Any CPU.Build.0 = Debug|Any CPU
		{FAB8E4E8-F428-4206-A53F-ADBEACC355AB}.Release|Any CPU.ActiveCfg = Release|Any CPU
		{FAB8E4E8-F428-4206-A53F-ADBEACC355AB}.Release|Any CPU.Build.0 = Release|Any CPU
		{1C61ADA2-D478-4670-AD3A-A4CF39E8314D}.Debug|Any CPU.ActiveCfg = Debug|Any CPU
		{1C61ADA2-D478-4670-AD3A-A4CF39E8314D}.Debug|Any CPU.Build.0 = Debug|Any CPU
		{1C61ADA2-D478-4670-AD3A-A4CF39E8314D}.Release|Any CPU.ActiveCfg = Release|Any CPU
		{1C61ADA2-D478-4670-AD3A-A4CF39E8314D}.Release|Any CPU.Build.0 = Release|Any CPU
		{5DF4952F-22C8-4364-A7DE-5039502A99DB}.Debug|Any CPU.ActiveCfg = Debug|Any CPU
		{5DF4952F-22C8-4364-A7DE-5039502A99DB}.Debug|Any CPU.Build.0 = Debug|Any CPU
		{5DF4952F-22C8-4364-A7DE-5039502A99DB}.Release|Any CPU.ActiveCfg = Release|Any CPU
		{5DF4952F-22C8-4364-A7DE-5039502A99DB}.Release|Any CPU.Build.0 = Release|Any CPU
		{68DF18F0-53C5-4B6C-AA99-B1E54FFE0A29}.Debug|Any CPU.ActiveCfg = Debug|Any CPU
		{68DF18F0-53C5-4B6C-AA99-B1E54FFE0A29}.Debug|Any CPU.Build.0 = Debug|Any CPU
		{68DF18F0-53C5-4B6C-AA99-B1E54FFE0A29}.Release|Any CPU.ActiveCfg = Release|Any CPU
		{68DF18F0-53C5-4B6C-AA99-B1E54FFE0A29}.Release|Any CPU.Build.0 = Release|Any CPU
		{F3C3C783-A601-47DA-B334-DD1544EB6D00}.Debug|Any CPU.ActiveCfg = Debug|Any CPU
		{F3C3C783-A601-47DA-B334-DD1544EB6D00}.Debug|Any CPU.Build.0 = Debug|Any CPU
		{F3C3C783-A601-47DA-B334-DD1544EB6D00}.Release|Any CPU.ActiveCfg = Release|Any CPU
		{F3C3C783-A601-47DA-B334-DD1544EB6D00}.Release|Any CPU.Build.0 = Release|Any CPU
		{D0DF38CD-05D4-49AD-84AA-9D22A101D0CE}.Debug|Any CPU.ActiveCfg = Debug|Any CPU
		{D0DF38CD-05D4-49AD-84AA-9D22A101D0CE}.Debug|Any CPU.Build.0 = Debug|Any CPU
		{D0DF38CD-05D4-49AD-84AA-9D22A101D0CE}.Release|Any CPU.ActiveCfg = Release|Any CPU
		{D0DF38CD-05D4-49AD-84AA-9D22A101D0CE}.Release|Any CPU.Build.0 = Release|Any CPU
		{D4B74AC6-854C-4B8C-BD03-DDA4E1B04128}.Debug|Any CPU.ActiveCfg = Debug|Any CPU
		{D4B74AC6-854C-4B8C-BD03-DDA4E1B04128}.Debug|Any CPU.Build.0 = Debug|Any CPU
		{D4B74AC6-854C-4B8C-BD03-DDA4E1B04128}.Release|Any CPU.ActiveCfg = Release|Any CPU
		{D4B74AC6-854C-4B8C-BD03-DDA4E1B04128}.Release|Any CPU.Build.0 = Release|Any CPU
		{45C54B67-6789-4A1B-ADAD-BE06E0E0A65C}.Debug|Any CPU.ActiveCfg = Debug|Any CPU
		{45C54B67-6789-4A1B-ADAD-BE06E0E0A65C}.Debug|Any CPU.Build.0 = Debug|Any CPU
		{45C54B67-6789-4A1B-ADAD-BE06E0E0A65C}.Release|Any CPU.ActiveCfg = Release|Any CPU
		{45C54B67-6789-4A1B-ADAD-BE06E0E0A65C}.Release|Any CPU.Build.0 = Release|Any CPU
		{A9387946-E6E3-4D15-B3E5-725F206424FB}.Debug|Any CPU.ActiveCfg = Debug|Any CPU
		{A9387946-E6E3-4D15-B3E5-725F206424FB}.Debug|Any CPU.Build.0 = Debug|Any CPU
		{A9387946-E6E3-4D15-B3E5-725F206424FB}.Release|Any CPU.ActiveCfg = Release|Any CPU
		{A9387946-E6E3-4D15-B3E5-725F206424FB}.Release|Any CPU.Build.0 = Release|Any CPU
		{5E2ABCF9-85E7-4C46-BB98-ADB11F05C3E5}.Debug|Any CPU.ActiveCfg = Debug|Any CPU
		{5E2ABCF9-85E7-4C46-BB98-ADB11F05C3E5}.Debug|Any CPU.Build.0 = Debug|Any CPU
		{5E2ABCF9-85E7-4C46-BB98-ADB11F05C3E5}.Release|Any CPU.ActiveCfg = Release|Any CPU
		{5E2ABCF9-85E7-4C46-BB98-ADB11F05C3E5}.Release|Any CPU.Build.0 = Release|Any CPU
		{40E8BC58-ACA5-4B9F-A18A-BDD45CA1357C}.Debug|Any CPU.ActiveCfg = Debug|Any CPU
		{40E8BC58-ACA5-4B9F-A18A-BDD45CA1357C}.Debug|Any CPU.Build.0 = Debug|Any CPU
		{40E8BC58-ACA5-4B9F-A18A-BDD45CA1357C}.Release|Any CPU.ActiveCfg = Release|Any CPU
		{40E8BC58-ACA5-4B9F-A18A-BDD45CA1357C}.Release|Any CPU.Build.0 = Release|Any CPU
		{E6F4C7FD-8A54-4CEC-9030-AE212E2064D2}.Debug|Any CPU.ActiveCfg = Debug|Any CPU
		{E6F4C7FD-8A54-4CEC-9030-AE212E2064D2}.Debug|Any CPU.Build.0 = Debug|Any CPU
		{E6F4C7FD-8A54-4CEC-9030-AE212E2064D2}.Release|Any CPU.ActiveCfg = Release|Any CPU
		{E6F4C7FD-8A54-4CEC-9030-AE212E2064D2}.Release|Any CPU.Build.0 = Release|Any CPU
		{FA1472F1-5A4D-4BC1-96C1-0D74C2917D16}.Debug|Any CPU.ActiveCfg = Debug|Any CPU
		{FA1472F1-5A4D-4BC1-96C1-0D74C2917D16}.Debug|Any CPU.Build.0 = Debug|Any CPU
		{FA1472F1-5A4D-4BC1-96C1-0D74C2917D16}.Release|Any CPU.ActiveCfg = Release|Any CPU
		{FA1472F1-5A4D-4BC1-96C1-0D74C2917D16}.Release|Any CPU.Build.0 = Release|Any CPU
		{23B26428-02C9-43B2-80AA-F31D36DA10F3}.Debug|Any CPU.ActiveCfg = Debug|Any CPU
		{23B26428-02C9-43B2-80AA-F31D36DA10F3}.Debug|Any CPU.Build.0 = Debug|Any CPU
		{23B26428-02C9-43B2-80AA-F31D36DA10F3}.Release|Any CPU.ActiveCfg = Release|Any CPU
		{23B26428-02C9-43B2-80AA-F31D36DA10F3}.Release|Any CPU.Build.0 = Release|Any CPU
		{7507E8D0-AB27-4140-BA4C-4810180ED564}.Debug|Any CPU.ActiveCfg = Debug|Any CPU
		{7507E8D0-AB27-4140-BA4C-4810180ED564}.Debug|Any CPU.Build.0 = Debug|Any CPU
		{7507E8D0-AB27-4140-BA4C-4810180ED564}.Release|Any CPU.ActiveCfg = Release|Any CPU
		{7507E8D0-AB27-4140-BA4C-4810180ED564}.Release|Any CPU.Build.0 = Release|Any CPU
		{9D60D596-6508-4806-B9A6-5DCD7CD70F34}.Debug|Any CPU.ActiveCfg = Debug|Any CPU
		{9D60D596-6508-4806-B9A6-5DCD7CD70F34}.Debug|Any CPU.Build.0 = Debug|Any CPU
		{9D60D596-6508-4806-B9A6-5DCD7CD70F34}.Release|Any CPU.ActiveCfg = Release|Any CPU
		{9D60D596-6508-4806-B9A6-5DCD7CD70F34}.Release|Any CPU.Build.0 = Release|Any CPU
		{9B01178E-0E4D-43A1-AE46-BD02AF9D5F63}.Debug|Any CPU.ActiveCfg = Debug|Any CPU
		{9B01178E-0E4D-43A1-AE46-BD02AF9D5F63}.Debug|Any CPU.Build.0 = Debug|Any CPU
		{9B01178E-0E4D-43A1-AE46-BD02AF9D5F63}.Release|Any CPU.ActiveCfg = Release|Any CPU
		{9B01178E-0E4D-43A1-AE46-BD02AF9D5F63}.Release|Any CPU.Build.0 = Release|Any CPU
		{51236AB1-D03C-441A-969C-8951DA526606}.Debug|Any CPU.ActiveCfg = Debug|Any CPU
		{51236AB1-D03C-441A-969C-8951DA526606}.Debug|Any CPU.Build.0 = Debug|Any CPU
		{51236AB1-D03C-441A-969C-8951DA526606}.Release|Any CPU.ActiveCfg = Release|Any CPU
		{51236AB1-D03C-441A-969C-8951DA526606}.Release|Any CPU.Build.0 = Release|Any CPU
		{2D58AFB7-CDBC-4C01-8DAD-8D9D430A58FF}.Debug|Any CPU.ActiveCfg = Debug|Any CPU
		{2D58AFB7-CDBC-4C01-8DAD-8D9D430A58FF}.Debug|Any CPU.Build.0 = Debug|Any CPU
		{2D58AFB7-CDBC-4C01-8DAD-8D9D430A58FF}.Release|Any CPU.ActiveCfg = Release|Any CPU
		{2D58AFB7-CDBC-4C01-8DAD-8D9D430A58FF}.Release|Any CPU.Build.0 = Release|Any CPU
		{0685AD13-8CE4-4F5F-853A-08A4CB8E4F15}.Debug|Any CPU.ActiveCfg = Debug|Any CPU
		{0685AD13-8CE4-4F5F-853A-08A4CB8E4F15}.Debug|Any CPU.Build.0 = Debug|Any CPU
		{0685AD13-8CE4-4F5F-853A-08A4CB8E4F15}.Release|Any CPU.ActiveCfg = Release|Any CPU
		{0685AD13-8CE4-4F5F-853A-08A4CB8E4F15}.Release|Any CPU.Build.0 = Release|Any CPU
		{36939C4C-DA14-4492-9B07-BF6A70317C80}.Debug|Any CPU.ActiveCfg = Debug|Any CPU
		{36939C4C-DA14-4492-9B07-BF6A70317C80}.Debug|Any CPU.Build.0 = Debug|Any CPU
		{36939C4C-DA14-4492-9B07-BF6A70317C80}.Release|Any CPU.ActiveCfg = Release|Any CPU
		{36939C4C-DA14-4492-9B07-BF6A70317C80}.Release|Any CPU.Build.0 = Release|Any CPU
		{43D74204-62C9-4A3E-A174-173A375E5261}.Debug|Any CPU.ActiveCfg = Debug|Any CPU
		{43D74204-62C9-4A3E-A174-173A375E5261}.Debug|Any CPU.Build.0 = Debug|Any CPU
		{43D74204-62C9-4A3E-A174-173A375E5261}.Release|Any CPU.ActiveCfg = Release|Any CPU
		{43D74204-62C9-4A3E-A174-173A375E5261}.Release|Any CPU.Build.0 = Release|Any CPU
		{A475F0A7-C7A0-428A-A33B-B83DFFC8C9BE}.Debug|Any CPU.ActiveCfg = Debug|Any CPU
		{A475F0A7-C7A0-428A-A33B-B83DFFC8C9BE}.Debug|Any CPU.Build.0 = Debug|Any CPU
		{A475F0A7-C7A0-428A-A33B-B83DFFC8C9BE}.Release|Any CPU.ActiveCfg = Release|Any CPU
		{A475F0A7-C7A0-428A-A33B-B83DFFC8C9BE}.Release|Any CPU.Build.0 = Release|Any CPU
		{6FC8842D-C55E-4158-A07C-D6A6F534EF5D}.Debug|Any CPU.ActiveCfg = Debug|Any CPU
		{6FC8842D-C55E-4158-A07C-D6A6F534EF5D}.Debug|Any CPU.Build.0 = Debug|Any CPU
		{6FC8842D-C55E-4158-A07C-D6A6F534EF5D}.Release|Any CPU.ActiveCfg = Release|Any CPU
		{6FC8842D-C55E-4158-A07C-D6A6F534EF5D}.Release|Any CPU.Build.0 = Release|Any CPU
		{512B6F56-1372-47B6-855A-2EF3F99C5664}.Debug|Any CPU.ActiveCfg = Debug|Any CPU
		{512B6F56-1372-47B6-855A-2EF3F99C5664}.Debug|Any CPU.Build.0 = Debug|Any CPU
		{512B6F56-1372-47B6-855A-2EF3F99C5664}.Release|Any CPU.ActiveCfg = Release|Any CPU
		{512B6F56-1372-47B6-855A-2EF3F99C5664}.Release|Any CPU.Build.0 = Release|Any CPU
		{7B0C0C12-A801-4A7D-948C-E48B2A9061D2}.Debug|Any CPU.ActiveCfg = Debug|Any CPU
		{7B0C0C12-A801-4A7D-948C-E48B2A9061D2}.Debug|Any CPU.Build.0 = Debug|Any CPU
		{7B0C0C12-A801-4A7D-948C-E48B2A9061D2}.Release|Any CPU.ActiveCfg = Release|Any CPU
		{7B0C0C12-A801-4A7D-948C-E48B2A9061D2}.Release|Any CPU.Build.0 = Release|Any CPU
		{810CF7EE-AD0E-4BEA-B415-E01BB2F321AC}.Debug|Any CPU.ActiveCfg = Debug|Any CPU
		{810CF7EE-AD0E-4BEA-B415-E01BB2F321AC}.Debug|Any CPU.Build.0 = Debug|Any CPU
		{810CF7EE-AD0E-4BEA-B415-E01BB2F321AC}.Release|Any CPU.ActiveCfg = Release|Any CPU
		{810CF7EE-AD0E-4BEA-B415-E01BB2F321AC}.Release|Any CPU.Build.0 = Release|Any CPU
		{F6EC6B42-8A54-4942-9E06-019101102CA6}.Debug|Any CPU.ActiveCfg = Debug|Any CPU
		{F6EC6B42-8A54-4942-9E06-019101102CA6}.Debug|Any CPU.Build.0 = Debug|Any CPU
		{F6EC6B42-8A54-4942-9E06-019101102CA6}.Release|Any CPU.ActiveCfg = Release|Any CPU
		{F6EC6B42-8A54-4942-9E06-019101102CA6}.Release|Any CPU.Build.0 = Release|Any CPU
		{08B74DB2-70A3-4DE4-9CB2-2BB320A03276}.Debug|Any CPU.ActiveCfg = Debug|Any CPU
		{08B74DB2-70A3-4DE4-9CB2-2BB320A03276}.Debug|Any CPU.Build.0 = Debug|Any CPU
		{08B74DB2-70A3-4DE4-9CB2-2BB320A03276}.Release|Any CPU.ActiveCfg = Release|Any CPU
		{08B74DB2-70A3-4DE4-9CB2-2BB320A03276}.Release|Any CPU.Build.0 = Release|Any CPU
		{62FF6902-1F90-4AC1-B78D-FBC18B3676C6}.Debug|Any CPU.ActiveCfg = Debug|Any CPU
		{62FF6902-1F90-4AC1-B78D-FBC18B3676C6}.Debug|Any CPU.Build.0 = Debug|Any CPU
		{62FF6902-1F90-4AC1-B78D-FBC18B3676C6}.Release|Any CPU.ActiveCfg = Release|Any CPU
		{62FF6902-1F90-4AC1-B78D-FBC18B3676C6}.Release|Any CPU.Build.0 = Release|Any CPU
		{026D7BC9-1EE8-4FF3-88E0-7929C4FE64BF}.Debug|Any CPU.ActiveCfg = Debug|Any CPU
		{026D7BC9-1EE8-4FF3-88E0-7929C4FE64BF}.Debug|Any CPU.Build.0 = Debug|Any CPU
		{026D7BC9-1EE8-4FF3-88E0-7929C4FE64BF}.Release|Any CPU.ActiveCfg = Release|Any CPU
		{026D7BC9-1EE8-4FF3-88E0-7929C4FE64BF}.Release|Any CPU.Build.0 = Release|Any CPU
		{D98E4B4A-DC1C-4BEC-A4B6-A962FC413619}.Debug|Any CPU.ActiveCfg = Debug|Any CPU
		{D98E4B4A-DC1C-4BEC-A4B6-A962FC413619}.Debug|Any CPU.Build.0 = Debug|Any CPU
		{D98E4B4A-DC1C-4BEC-A4B6-A962FC413619}.Release|Any CPU.ActiveCfg = Release|Any CPU
		{D98E4B4A-DC1C-4BEC-A4B6-A962FC413619}.Release|Any CPU.Build.0 = Release|Any CPU
		{DA4F183D-75DD-4D20-B345-13AF44C7449E}.Debug|Any CPU.ActiveCfg = Debug|Any CPU
		{DA4F183D-75DD-4D20-B345-13AF44C7449E}.Debug|Any CPU.Build.0 = Debug|Any CPU
		{DA4F183D-75DD-4D20-B345-13AF44C7449E}.Release|Any CPU.ActiveCfg = Release|Any CPU
		{DA4F183D-75DD-4D20-B345-13AF44C7449E}.Release|Any CPU.Build.0 = Release|Any CPU
		{956B3E7A-3D7C-45CC-9F30-C19D4D76D364}.Debug|Any CPU.ActiveCfg = Debug|Any CPU
		{956B3E7A-3D7C-45CC-9F30-C19D4D76D364}.Debug|Any CPU.Build.0 = Debug|Any CPU
		{956B3E7A-3D7C-45CC-9F30-C19D4D76D364}.Release|Any CPU.ActiveCfg = Release|Any CPU
		{956B3E7A-3D7C-45CC-9F30-C19D4D76D364}.Release|Any CPU.Build.0 = Release|Any CPU
		{43A4962D-CD3E-47A0-9B87-9F0EFE5A1CF6}.Debug|Any CPU.ActiveCfg = Debug|Any CPU
		{43A4962D-CD3E-47A0-9B87-9F0EFE5A1CF6}.Debug|Any CPU.Build.0 = Debug|Any CPU
		{43A4962D-CD3E-47A0-9B87-9F0EFE5A1CF6}.Release|Any CPU.ActiveCfg = Release|Any CPU
		{43A4962D-CD3E-47A0-9B87-9F0EFE5A1CF6}.Release|Any CPU.Build.0 = Release|Any CPU
		{512EA324-F0B4-4B15-A15A-654DC32C1F87}.Debug|Any CPU.ActiveCfg = Debug|Any CPU
		{512EA324-F0B4-4B15-A15A-654DC32C1F87}.Debug|Any CPU.Build.0 = Debug|Any CPU
		{512EA324-F0B4-4B15-A15A-654DC32C1F87}.Release|Any CPU.ActiveCfg = Release|Any CPU
		{512EA324-F0B4-4B15-A15A-654DC32C1F87}.Release|Any CPU.Build.0 = Release|Any CPU
		{33949222-36A0-4DE4-9E30-F11FA8968E07}.Debug|Any CPU.ActiveCfg = Debug|Any CPU
		{33949222-36A0-4DE4-9E30-F11FA8968E07}.Debug|Any CPU.Build.0 = Debug|Any CPU
		{33949222-36A0-4DE4-9E30-F11FA8968E07}.Release|Any CPU.ActiveCfg = Release|Any CPU
		{33949222-36A0-4DE4-9E30-F11FA8968E07}.Release|Any CPU.Build.0 = Release|Any CPU
		{12259F63-B584-4A9F-A758-20C7A1BC1C5C}.Debug|Any CPU.ActiveCfg = Debug|Any CPU
		{12259F63-B584-4A9F-A758-20C7A1BC1C5C}.Debug|Any CPU.Build.0 = Debug|Any CPU
		{12259F63-B584-4A9F-A758-20C7A1BC1C5C}.Release|Any CPU.ActiveCfg = Release|Any CPU
		{12259F63-B584-4A9F-A758-20C7A1BC1C5C}.Release|Any CPU.Build.0 = Release|Any CPU
		{8FABDD07-AEE4-4FA3-902E-EE2054C10A16}.Debug|Any CPU.ActiveCfg = Debug|Any CPU
		{8FABDD07-AEE4-4FA3-902E-EE2054C10A16}.Debug|Any CPU.Build.0 = Debug|Any CPU
		{8FABDD07-AEE4-4FA3-902E-EE2054C10A16}.Release|Any CPU.ActiveCfg = Release|Any CPU
		{8FABDD07-AEE4-4FA3-902E-EE2054C10A16}.Release|Any CPU.Build.0 = Release|Any CPU
		{C9B1FF28-9E68-4D56-918E-B86D69743901}.Debug|Any CPU.ActiveCfg = Debug|Any CPU
		{C9B1FF28-9E68-4D56-918E-B86D69743901}.Debug|Any CPU.Build.0 = Debug|Any CPU
		{C9B1FF28-9E68-4D56-918E-B86D69743901}.Release|Any CPU.ActiveCfg = Release|Any CPU
		{C9B1FF28-9E68-4D56-918E-B86D69743901}.Release|Any CPU.Build.0 = Release|Any CPU
		{BB982C92-2B08-4F38-9F1C-26ADA0492911}.Debug|Any CPU.ActiveCfg = Debug|Any CPU
		{BB982C92-2B08-4F38-9F1C-26ADA0492911}.Debug|Any CPU.Build.0 = Debug|Any CPU
		{BB982C92-2B08-4F38-9F1C-26ADA0492911}.Release|Any CPU.ActiveCfg = Release|Any CPU
		{BB982C92-2B08-4F38-9F1C-26ADA0492911}.Release|Any CPU.Build.0 = Release|Any CPU
		{01CE2009-CCAA-43D7-8652-F724B542CF04}.Debug|Any CPU.ActiveCfg = Debug|Any CPU
		{01CE2009-CCAA-43D7-8652-F724B542CF04}.Debug|Any CPU.Build.0 = Debug|Any CPU
		{01CE2009-CCAA-43D7-8652-F724B542CF04}.Release|Any CPU.ActiveCfg = Release|Any CPU
		{01CE2009-CCAA-43D7-8652-F724B542CF04}.Release|Any CPU.Build.0 = Release|Any CPU
		{2876DBB5-6921-4B2D-89BE-906404E6FE76}.Debug|Any CPU.ActiveCfg = Debug|Any CPU
		{2876DBB5-6921-4B2D-89BE-906404E6FE76}.Debug|Any CPU.Build.0 = Debug|Any CPU
		{2876DBB5-6921-4B2D-89BE-906404E6FE76}.Release|Any CPU.ActiveCfg = Release|Any CPU
		{2876DBB5-6921-4B2D-89BE-906404E6FE76}.Release|Any CPU.Build.0 = Release|Any CPU
		{293C3D8B-C190-F0B3-9A20-6D91835D87FB}.Debug|Any CPU.ActiveCfg = Debug|Any CPU
		{293C3D8B-C190-F0B3-9A20-6D91835D87FB}.Debug|Any CPU.Build.0 = Debug|Any CPU
		{293C3D8B-C190-F0B3-9A20-6D91835D87FB}.Release|Any CPU.ActiveCfg = Release|Any CPU
		{293C3D8B-C190-F0B3-9A20-6D91835D87FB}.Release|Any CPU.Build.0 = Release|Any CPU
		{B7840BF4-625D-45B6-AC71-652336F5C600}.Debug|Any CPU.ActiveCfg = Debug|Any CPU
		{B7840BF4-625D-45B6-AC71-652336F5C600}.Debug|Any CPU.Build.0 = Debug|Any CPU
		{B7840BF4-625D-45B6-AC71-652336F5C600}.Release|Any CPU.ActiveCfg = Release|Any CPU
		{B7840BF4-625D-45B6-AC71-652336F5C600}.Release|Any CPU.Build.0 = Release|Any CPU
		{90AC864F-D81C-4B28-9B9B-A68FCC14DB10}.Debug|Any CPU.ActiveCfg = Debug|Any CPU
		{90AC864F-D81C-4B28-9B9B-A68FCC14DB10}.Debug|Any CPU.Build.0 = Debug|Any CPU
		{90AC864F-D81C-4B28-9B9B-A68FCC14DB10}.Release|Any CPU.ActiveCfg = Release|Any CPU
		{90AC864F-D81C-4B28-9B9B-A68FCC14DB10}.Release|Any CPU.Build.0 = Release|Any CPU
		{DB73A437-354D-4429-9F8B-3D3B7A709B0A}.Debug|Any CPU.ActiveCfg = Debug|Any CPU
		{DB73A437-354D-4429-9F8B-3D3B7A709B0A}.Debug|Any CPU.Build.0 = Debug|Any CPU
		{DB73A437-354D-4429-9F8B-3D3B7A709B0A}.Release|Any CPU.ActiveCfg = Release|Any CPU
		{DB73A437-354D-4429-9F8B-3D3B7A709B0A}.Release|Any CPU.Build.0 = Release|Any CPU
		{9E399289-D015-484C-A41C-15790960F975}.Debug|Any CPU.ActiveCfg = Debug|Any CPU
		{9E399289-D015-484C-A41C-15790960F975}.Debug|Any CPU.Build.0 = Debug|Any CPU
		{9E399289-D015-484C-A41C-15790960F975}.Release|Any CPU.ActiveCfg = Release|Any CPU
		{9E399289-D015-484C-A41C-15790960F975}.Release|Any CPU.Build.0 = Release|Any CPU
		{1D070B18-A0D6-42AE-A5D9-8DA1E5400B42}.Debug|Any CPU.ActiveCfg = Debug|Any CPU
		{1D070B18-A0D6-42AE-A5D9-8DA1E5400B42}.Debug|Any CPU.Build.0 = Debug|Any CPU
		{1D070B18-A0D6-42AE-A5D9-8DA1E5400B42}.Release|Any CPU.ActiveCfg = Release|Any CPU
		{1D070B18-A0D6-42AE-A5D9-8DA1E5400B42}.Release|Any CPU.Build.0 = Release|Any CPU
		{99831F35-D977-44DE-93F2-1BE9EE468F05}.Debug|Any CPU.ActiveCfg = Debug|Any CPU
		{99831F35-D977-44DE-93F2-1BE9EE468F05}.Debug|Any CPU.Build.0 = Debug|Any CPU
		{99831F35-D977-44DE-93F2-1BE9EE468F05}.Release|Any CPU.ActiveCfg = Release|Any CPU
		{99831F35-D977-44DE-93F2-1BE9EE468F05}.Release|Any CPU.Build.0 = Release|Any CPU
		{23823AA6-ECE4-4989-8A02-4EB881766CBC}.Debug|Any CPU.ActiveCfg = Debug|Any CPU
		{23823AA6-ECE4-4989-8A02-4EB881766CBC}.Debug|Any CPU.Build.0 = Debug|Any CPU
		{23823AA6-ECE4-4989-8A02-4EB881766CBC}.Release|Any CPU.ActiveCfg = Release|Any CPU
		{23823AA6-ECE4-4989-8A02-4EB881766CBC}.Release|Any CPU.Build.0 = Release|Any CPU
		{4178573D-6E95-41C1-90B9-9AC2B2A246DA}.Debug|Any CPU.ActiveCfg = Debug|Any CPU
		{4178573D-6E95-41C1-90B9-9AC2B2A246DA}.Debug|Any CPU.Build.0 = Debug|Any CPU
		{4178573D-6E95-41C1-90B9-9AC2B2A246DA}.Release|Any CPU.ActiveCfg = Release|Any CPU
		{4178573D-6E95-41C1-90B9-9AC2B2A246DA}.Release|Any CPU.Build.0 = Release|Any CPU
		{E2F02842-7288-CCD8-8E43-8B16C3788EFE}.Debug|Any CPU.ActiveCfg = Debug|Any CPU
		{E2F02842-7288-CCD8-8E43-8B16C3788EFE}.Debug|Any CPU.Build.0 = Debug|Any CPU
		{E2F02842-7288-CCD8-8E43-8B16C3788EFE}.Release|Any CPU.ActiveCfg = Release|Any CPU
		{E2F02842-7288-CCD8-8E43-8B16C3788EFE}.Release|Any CPU.Build.0 = Release|Any CPU
		{23810FE8-0707-4ECF-9850-4F88157703CA}.Debug|Any CPU.ActiveCfg = Debug|Any CPU
		{23810FE8-0707-4ECF-9850-4F88157703CA}.Debug|Any CPU.Build.0 = Debug|Any CPU
		{23810FE8-0707-4ECF-9850-4F88157703CA}.Release|Any CPU.ActiveCfg = Release|Any CPU
		{23810FE8-0707-4ECF-9850-4F88157703CA}.Release|Any CPU.Build.0 = Release|Any CPU
		{31D1E408-2796-4AFE-A327-DBFDC47C7107}.Debug|Any CPU.ActiveCfg = Debug|Any CPU
		{31D1E408-2796-4AFE-A327-DBFDC47C7107}.Debug|Any CPU.Build.0 = Debug|Any CPU
		{31D1E408-2796-4AFE-A327-DBFDC47C7107}.Release|Any CPU.ActiveCfg = Release|Any CPU
		{31D1E408-2796-4AFE-A327-DBFDC47C7107}.Release|Any CPU.Build.0 = Release|Any CPU
		{85FA7594-95B9-44EC-8224-F1D8809F7801}.Debug|Any CPU.ActiveCfg = Debug|Any CPU
		{85FA7594-95B9-44EC-8224-F1D8809F7801}.Debug|Any CPU.Build.0 = Debug|Any CPU
		{85FA7594-95B9-44EC-8224-F1D8809F7801}.Release|Any CPU.ActiveCfg = Release|Any CPU
		{85FA7594-95B9-44EC-8224-F1D8809F7801}.Release|Any CPU.Build.0 = Release|Any CPU
		{B43C3C29-8FA3-6E05-8CDE-C6D0961692A0}.Debug|Any CPU.ActiveCfg = Debug|Any CPU
		{B43C3C29-8FA3-6E05-8CDE-C6D0961692A0}.Debug|Any CPU.Build.0 = Debug|Any CPU
		{B43C3C29-8FA3-6E05-8CDE-C6D0961692A0}.Release|Any CPU.ActiveCfg = Debug|Any CPU
		{B43C3C29-8FA3-6E05-8CDE-C6D0961692A0}.Release|Any CPU.Build.0 = Debug|Any CPU
		{01FCB8A6-E27A-44C0-ACC7-DC0B8ADE0541}.Debug|Any CPU.ActiveCfg = Debug|Any CPU
		{01FCB8A6-E27A-44C0-ACC7-DC0B8ADE0541}.Debug|Any CPU.Build.0 = Debug|Any CPU
		{01FCB8A6-E27A-44C0-ACC7-DC0B8ADE0541}.Release|Any CPU.ActiveCfg = Release|Any CPU
		{01FCB8A6-E27A-44C0-ACC7-DC0B8ADE0541}.Release|Any CPU.Build.0 = Release|Any CPU
		{989053E3-6DEB-40B9-A49C-890BC9A2148E}.Debug|Any CPU.ActiveCfg = Debug|Any CPU
		{989053E3-6DEB-40B9-A49C-890BC9A2148E}.Debug|Any CPU.Build.0 = Debug|Any CPU
		{989053E3-6DEB-40B9-A49C-890BC9A2148E}.Release|Any CPU.ActiveCfg = Release|Any CPU
		{989053E3-6DEB-40B9-A49C-890BC9A2148E}.Release|Any CPU.Build.0 = Release|Any CPU
		{D68FC3AF-71D3-A676-C580-3F973C48436A}.Debug|Any CPU.ActiveCfg = Debug|Any CPU
		{D68FC3AF-71D3-A676-C580-3F973C48436A}.Debug|Any CPU.Build.0 = Debug|Any CPU
		{D68FC3AF-71D3-A676-C580-3F973C48436A}.Release|Any CPU.ActiveCfg = Release|Any CPU
		{D68FC3AF-71D3-A676-C580-3F973C48436A}.Release|Any CPU.Build.0 = Release|Any CPU
	EndGlobalSection
	GlobalSection(SolutionProperties) = preSolution
		HideSolutionNode = FALSE
	EndGlobalSection
	GlobalSection(NestedProjects) = preSolution
		{135C1594-645A-49A7-A4D3-FE6804753EB5} = {FBF6715D-FC48-443C-A94D-763460A6314C}
		{EBAF0695-8E63-4306-B34A-CA8C5B7EB263} = {3047B01C-561D-4A3F-A8EC-0930332D8A34}
		{629CB1BB-87FB-4EE9-9144-311E05193529} = {3047B01C-561D-4A3F-A8EC-0930332D8A34}
		{05C0A2BB-4F8D-459F-B50A-4A6BED9F5953} = {FBF6715D-FC48-443C-A94D-763460A6314C}
		{C2F43E2A-2288-43ED-A0FA-FD583789CC51} = {890D5B16-1421-4721-BCF8-2C1F6E8642DE}
		{434D1E45-B487-4993-9B96-BDB1DB6EE904} = {890D5B16-1421-4721-BCF8-2C1F6E8642DE}
		{87DF424C-A48F-44B0-BAD8-812D569EA8EA} = {890D5B16-1421-4721-BCF8-2C1F6E8642DE}
		{F88D298D-0AB7-43D3-A9C5-8BBDD754CE74} = {65FDB35C-3D56-48A9-93FB-2D32028F167B}
		{7184F016-B141-4450-9170-51539DC96D4F} = {890D5B16-1421-4721-BCF8-2C1F6E8642DE}
		{FC9C7685-FEFD-45EA-A91D-7FACFF6D3B15} = {890D5B16-1421-4721-BCF8-2C1F6E8642DE}
		{65FDB35C-3D56-48A9-93FB-2D32028F167B} = {3047B01C-561D-4A3F-A8EC-0930332D8A34}
		{7FEE8E16-36CC-4318-ACEC-40CAA4FB476F} = {65FDB35C-3D56-48A9-93FB-2D32028F167B}
		{82822885-1401-4B2F-AD87-C092E1E9C2FC} = {65FDB35C-3D56-48A9-93FB-2D32028F167B}
		{262A783C-7386-4C41-9C7E-9AAECAEC771D} = {65FDB35C-3D56-48A9-93FB-2D32028F167B}
		{25F770B3-F218-4C45-A15B-3508245CB326} = {65FDB35C-3D56-48A9-93FB-2D32028F167B}
		{7C5035FD-DEB7-4E0E-A32F-23BC2D1FD36F} = {25F770B3-F218-4C45-A15B-3508245CB326}
		{96C92B9E-789C-408A-849B-71CFC951B847} = {65FDB35C-3D56-48A9-93FB-2D32028F167B}
		{96861043-AC00-4069-B6F8-80B96615CC4B} = {9A8E3213-997D-43FE-AAAE-6746EDD25FCA}
		{72F6515D-4D70-48C8-A26B-855C6E0B236F} = {25F770B3-F218-4C45-A15B-3508245CB326}
		{FAB8E4E8-F428-4206-A53F-ADBEACC355AB} = {25F770B3-F218-4C45-A15B-3508245CB326}
		{BA8ABD4C-2BE1-4B5F-BD38-83FA66D972EE} = {65FDB35C-3D56-48A9-93FB-2D32028F167B}
		{1C61ADA2-D478-4670-AD3A-A4CF39E8314D} = {BA8ABD4C-2BE1-4B5F-BD38-83FA66D972EE}
		{F598BDCC-EF45-42AA-859D-E2CE1462731C} = {3047B01C-561D-4A3F-A8EC-0930332D8A34}
		{68DF18F0-53C5-4B6C-AA99-B1E54FFE0A29} = {F598BDCC-EF45-42AA-859D-E2CE1462731C}
		{D0DF38CD-05D4-49AD-84AA-9D22A101D0CE} = {65FDB35C-3D56-48A9-93FB-2D32028F167B}
		{2BA082AA-41F5-40BC-B31F-BAD9180A8202} = {3047B01C-561D-4A3F-A8EC-0930332D8A34}
		{D4B74AC6-854C-4B8C-BD03-DDA4E1B04128} = {2BA082AA-41F5-40BC-B31F-BAD9180A8202}
		{AC29C8E3-A20A-4482-8BD5-C7AE267CE585} = {3047B01C-561D-4A3F-A8EC-0930332D8A34}
		{45C54B67-6789-4A1B-ADAD-BE06E0E0A65C} = {AC29C8E3-A20A-4482-8BD5-C7AE267CE585}
		{2779C090-8BD0-40E4-8619-4EDB14E7F79F} = {AC29C8E3-A20A-4482-8BD5-C7AE267CE585}
		{A9387946-E6E3-4D15-B3E5-725F206424FB} = {2779C090-8BD0-40E4-8619-4EDB14E7F79F}
		{5E2ABCF9-85E7-4C46-BB98-ADB11F05C3E5} = {25F770B3-F218-4C45-A15B-3508245CB326}
		{08AEA021-B429-484E-82FD-CEF1EBDD9D90} = {3047B01C-561D-4A3F-A8EC-0930332D8A34}
		{40E8BC58-ACA5-4B9F-A18A-BDD45CA1357C} = {08AEA021-B429-484E-82FD-CEF1EBDD9D90}
		{FA1472F1-5A4D-4BC1-96C1-0D74C2917D16} = {FBF6715D-FC48-443C-A94D-763460A6314C}
		{23B26428-02C9-43B2-80AA-F31D36DA10F3} = {890D5B16-1421-4721-BCF8-2C1F6E8642DE}
		{7507E8D0-AB27-4140-BA4C-4810180ED564} = {022A5373-9966-4DED-A084-566122878608}
		{9D60D596-6508-4806-B9A6-5DCD7CD70F34} = {BCA6D25E-F641-4217-A509-D134814082DB}
		{9B01178E-0E4D-43A1-AE46-BD02AF9D5F63} = {0D457154-6C4B-4009-8AA7-A30AFB4BE4D2}
		{51236AB1-D03C-441A-969C-8951DA526606} = {0D457154-6C4B-4009-8AA7-A30AFB4BE4D2}
		{2D58AFB7-CDBC-4C01-8DAD-8D9D430A58FF} = {022A5373-9966-4DED-A084-566122878608}
		{0685AD13-8CE4-4F5F-853A-08A4CB8E4F15} = {0D457154-6C4B-4009-8AA7-A30AFB4BE4D2}
		{36939C4C-DA14-4492-9B07-BF6A70317C80} = {0D457154-6C4B-4009-8AA7-A30AFB4BE4D2}
		{43D74204-62C9-4A3E-A174-173A375E5261} = {022A5373-9966-4DED-A084-566122878608}
		{A475F0A7-C7A0-428A-A33B-B83DFFC8C9BE} = {2BA082AA-41F5-40BC-B31F-BAD9180A8202}
		{6FC8842D-C55E-4158-A07C-D6A6F534EF5D} = {BCA6D25E-F641-4217-A509-D134814082DB}
		{512B6F56-1372-47B6-855A-2EF3F99C5664} = {BCA6D25E-F641-4217-A509-D134814082DB}
		{7B0C0C12-A801-4A7D-948C-E48B2A9061D2} = {BCA6D25E-F641-4217-A509-D134814082DB}
		{810CF7EE-AD0E-4BEA-B415-E01BB2F321AC} = {022A5373-9966-4DED-A084-566122878608}
		{F6EC6B42-8A54-4942-9E06-019101102CA6} = {3047B01C-561D-4A3F-A8EC-0930332D8A34}
		{08B74DB2-70A3-4DE4-9CB2-2BB320A03276} = {022A5373-9966-4DED-A084-566122878608}
		{62FF6902-1F90-4AC1-B78D-FBC18B3676C6} = {2BA082AA-41F5-40BC-B31F-BAD9180A8202}
		{026D7BC9-1EE8-4FF3-88E0-7929C4FE64BF} = {022A5373-9966-4DED-A084-566122878608}
		{D98E4B4A-DC1C-4BEC-A4B6-A962FC413619} = {F598BDCC-EF45-42AA-859D-E2CE1462731C}
		{DA4F183D-75DD-4D20-B345-13AF44C7449E} = {3047B01C-561D-4A3F-A8EC-0930332D8A34}
		{956B3E7A-3D7C-45CC-9F30-C19D4D76D364} = {3047B01C-561D-4A3F-A8EC-0930332D8A34}
		{43A4962D-CD3E-47A0-9B87-9F0EFE5A1CF6} = {890D5B16-1421-4721-BCF8-2C1F6E8642DE}
		{512EA324-F0B4-4B15-A15A-654DC32C1F87} = {65FDB35C-3D56-48A9-93FB-2D32028F167B}
		{33949222-36A0-4DE4-9E30-F11FA8968E07} = {2A80EBD9-AC69-483A-993F-43FC6DBE8F1B}
		{12259F63-B584-4A9F-A758-20C7A1BC1C5C} = {3047B01C-561D-4A3F-A8EC-0930332D8A34}
		{8FABDD07-AEE4-4FA3-902E-EE2054C10A16} = {3047B01C-561D-4A3F-A8EC-0930332D8A34}
		{C9B1FF28-9E68-4D56-918E-B86D69743901} = {657E776F-9022-4416-8A69-149A718688E3}
		{BB982C92-2B08-4F38-9F1C-26ADA0492911} = {3047B01C-561D-4A3F-A8EC-0930332D8A34}
		{01CE2009-CCAA-43D7-8652-F724B542CF04} = {F598BDCC-EF45-42AA-859D-E2CE1462731C}
		{2876DBB5-6921-4B2D-89BE-906404E6FE76} = {6ABBFFBA-9737-43A3-8059-F831ED7DEC1B}
		{293C3D8B-C190-F0B3-9A20-6D91835D87FB} = {FBF6715D-FC48-443C-A94D-763460A6314C}
		{B7840BF4-625D-45B6-AC71-652336F5C600} = {0D457154-6C4B-4009-8AA7-A30AFB4BE4D2}
		{90AC864F-D81C-4B28-9B9B-A68FCC14DB10} = {3047B01C-561D-4A3F-A8EC-0930332D8A34}
		{DB73A437-354D-4429-9F8B-3D3B7A709B0A} = {FBF6715D-FC48-443C-A94D-763460A6314C}
		{9E399289-D015-484C-A41C-15790960F975} = {6ABBFFBA-9737-43A3-8059-F831ED7DEC1B}
		{1D070B18-A0D6-42AE-A5D9-8DA1E5400B42} = {6ABBFFBA-9737-43A3-8059-F831ED7DEC1B}
		{99831F35-D977-44DE-93F2-1BE9EE468F05} = {3047B01C-561D-4A3F-A8EC-0930332D8A34}
		{23823AA6-ECE4-4989-8A02-4EB881766CBC} = {3047B01C-561D-4A3F-A8EC-0930332D8A34}
		{4178573D-6E95-41C1-90B9-9AC2B2A246DA} = {65FDB35C-3D56-48A9-93FB-2D32028F167B}
		{642649BD-B90A-3738-91B8-47EF43830D1C} = {3047B01C-561D-4A3F-A8EC-0930332D8A34}
		{E2F02842-7288-CCD8-8E43-8B16C3788EFE} = {642649BD-B90A-3738-91B8-47EF43830D1C}
		{E6B17769-ABC0-0A56-D1A8-1E62C75C57AD} = {657E776F-9022-4416-8A69-149A718688E3}
		{23810FE8-0707-4ECF-9850-4F88157703CA} = {E6B17769-ABC0-0A56-D1A8-1E62C75C57AD}
		{156DD675-4594-E866-4425-F3A202267F21} = {E6B17769-ABC0-0A56-D1A8-1E62C75C57AD}
		{31D1E408-2796-4AFE-A327-DBFDC47C7107} = {156DD675-4594-E866-4425-F3A202267F21}
		{85FA7594-95B9-44EC-8224-F1D8809F7801} = {156DD675-4594-E866-4425-F3A202267F21}
		{1563981D-CF59-A57C-9880-41406C02981A} = {657E776F-9022-4416-8A69-149A718688E3}
		{01FCB8A6-E27A-44C0-ACC7-DC0B8ADE0541} = {1563981D-CF59-A57C-9880-41406C02981A}
		{989053E3-6DEB-40B9-A49C-890BC9A2148E} = {1563981D-CF59-A57C-9880-41406C02981A}
		{D68FC3AF-71D3-A676-C580-3F973C48436A} = {BCA6D25E-F641-4217-A509-D134814082DB}
	EndGlobalSection
	GlobalSection(ExtensibilityGlobals) = postSolution
		SolutionGuid = {9C3B1DD2-2A38-451D-8A31-EDC82056765A}
	EndGlobalSection
EndGlobal
